// !$*UTF8*$!
{
	archiveVersion = 1;
	classes = {
	};
	objectVersion = 56;
	objects = {

/* Begin PBXBuildFile section */
		5FCCD4292936697A00CD8AF5 /* SBSApp.swift in Sources */ = {isa = PBXBuildFile; fileRef = 5FCCD4282936697A00CD8AF5 /* SBSApp.swift */; };
		5FCCD42B2936697A00CD8AF5 /* ContentView.swift in Sources */ = {isa = PBXBuildFile; fileRef = 5FCCD42A2936697A00CD8AF5 /* ContentView.swift */; };
		5FCCD42D2936697B00CD8AF5 /* Assets.xcassets in Resources */ = {isa = PBXBuildFile; fileRef = 5FCCD42C2936697B00CD8AF5 /* Assets.xcassets */; };
		5FCCD4302936697B00CD8AF5 /* Preview Assets.xcassets in Resources */ = {isa = PBXBuildFile; fileRef = 5FCCD42F2936697B00CD8AF5 /* Preview Assets.xcassets */; };
		5FCCD43F29391CB200CD8AF5 /* Bounce.swift in Sources */ = {isa = PBXBuildFile; fileRef = 5FCCD43E29391CB200CD8AF5 /* Bounce.swift */; };
		5FCCD44129391CD100CD8AF5 /* song.mp3 in Resources */ = {isa = PBXBuildFile; fileRef = 5FCCD44029391CD100CD8AF5 /* song.mp3 */; };
		5FCCD44329391CD100CD8AF5 /* CelebrationEffect.swift in Sources */ = {isa = PBXBuildFile; fileRef = 5FCCD44229391CD100CD8AF5 /* CelebrationEffect.swift */; };
		7A2B423229366B9600D49576 /* Toby.swift in Sources */ = {isa = PBXBuildFile; fileRef = 7A2B423129366B9600D49576 /* Toby.swift */; };
		7A2B423429366B9E00D49576 /* Theo.swift in Sources */ = {isa = PBXBuildFile; fileRef = 7A2B423329366B9E00D49576 /* Theo.swift */; };
		7A2B423629366BA400D49576 /* Hardy.swift in Sources */ = {isa = PBXBuildFile; fileRef = 7A2B423529366BA400D49576 /* Hardy.swift */; };
		7A2B423829366D8500D49576 /* WayToCome.swift in Sources */ = {isa = PBXBuildFile; fileRef = 7A2B423729366D8500D49576 /* WayToCome.swift */; };
/* End PBXBuildFile section */

/* Begin PBXFileReference section */
		5FCCD4252936697A00CD8AF5 /* SBS.app */ = {isa = PBXFileReference; explicitFileType = wrapper.application; includeInIndex = 0; path = SBS.app; sourceTree = BUILT_PRODUCTS_DIR; };
		5FCCD4282936697A00CD8AF5 /* SBSApp.swift */ = {isa = PBXFileReference; lastKnownFileType = sourcecode.swift; path = SBSApp.swift; sourceTree = "<group>"; };
		5FCCD42A2936697A00CD8AF5 /* ContentView.swift */ = {isa = PBXFileReference; lastKnownFileType = sourcecode.swift; path = ContentView.swift; sourceTree = "<group>"; };
		5FCCD42C2936697B00CD8AF5 /* Assets.xcassets */ = {isa = PBXFileReference; lastKnownFileType = folder.assetcatalog; path = Assets.xcassets; sourceTree = "<group>"; };
		5FCCD42F2936697B00CD8AF5 /* Preview Assets.xcassets */ = {isa = PBXFileReference; lastKnownFileType = folder.assetcatalog; path = "Preview Assets.xcassets"; sourceTree = "<group>"; };
		5FCCD43E29391CB200CD8AF5 /* Bounce.swift */ = {isa = PBXFileReference; lastKnownFileType = sourcecode.swift; path = Bounce.swift; sourceTree = "<group>"; };
		5FCCD44029391CD100CD8AF5 /* song.mp3 */ = {isa = PBXFileReference; lastKnownFileType = audio.mp3; path = song.mp3; sourceTree = "<group>"; };
		5FCCD44229391CD100CD8AF5 /* CelebrationEffect.swift */ = {isa = PBXFileReference; fileEncoding = 4; lastKnownFileType = sourcecode.swift; path = CelebrationEffect.swift; sourceTree = "<group>"; };
		7A2B423129366B9600D49576 /* Toby.swift */ = {isa = PBXFileReference; lastKnownFileType = sourcecode.swift; path = Toby.swift; sourceTree = "<group>"; };
		7A2B423329366B9E00D49576 /* Theo.swift */ = {isa = PBXFileReference; lastKnownFileType = sourcecode.swift; path = Theo.swift; sourceTree = "<group>"; };
		7A2B423529366BA400D49576 /* Hardy.swift */ = {isa = PBXFileReference; lastKnownFileType = sourcecode.swift; path = Hardy.swift; sourceTree = "<group>"; };
		7A2B423729366D8500D49576 /* WayToCome.swift */ = {isa = PBXFileReference; lastKnownFileType = sourcecode.swift; path = WayToCome.swift; sourceTree = "<group>"; };
		7A2B42392936759700D49576 /* Reservation.swift */ = {isa = PBXFileReference; lastKnownFileType = sourcecode.swift; path = Reservation.swift; sourceTree = "<group>"; };
/* End PBXFileReference section */

/* Begin PBXFrameworksBuildPhase section */
		5FCCD4222936697A00CD8AF5 /* Frameworks */ = {
			isa = PBXFrameworksBuildPhase;
			buildActionMask = 2147483647;
			files = (
			);
			runOnlyForDeploymentPostprocessing = 0;
		};
/* End PBXFrameworksBuildPhase section */

/* Begin PBXGroup section */
		5FCCD41C2936697A00CD8AF5 = {
			isa = PBXGroup;
			children = (
				5FCCD4272936697A00CD8AF5 /* SBS */,
				5FCCD4262936697A00CD8AF5 /* Products */,
			);
			sourceTree = "<group>";
		};
		5FCCD4262936697A00CD8AF5 /* Products */ = {
			isa = PBXGroup;
			children = (
				5FCCD4252936697A00CD8AF5 /* SBS.app */,
			);
			name = Products;
			sourceTree = "<group>";
		};
		5FCCD4272936697A00CD8AF5 /* SBS */ = {
			isa = PBXGroup;
			children = (
				5FCCD4282936697A00CD8AF5 /* SBSApp.swift */,
				5FCCD42A2936697A00CD8AF5 /* ContentView.swift */,
				5FCCD42C2936697B00CD8AF5 /* Assets.xcassets */,
				5FCCD44029391CD100CD8AF5 /* song.mp3 */,
				7A2B422F29366AF400D49576 /* 인호 */,
				7A2B422E29366AE900D49576 /* 현상 */,
				7A2B423029366AFB00D49576 /* 연호 */,
				5FCCD42E2936697B00CD8AF5 /* Preview Content */,
			);
			path = SBS;
			sourceTree = "<group>";
		};
		5FCCD42E2936697B00CD8AF5 /* Preview Content */ = {
			isa = PBXGroup;
			children = (
				5FCCD42F2936697B00CD8AF5 /* Preview Assets.xcassets */,
			);
			path = "Preview Content";
			sourceTree = "<group>";
		};
		7A2B422E29366AE900D49576 /* 현상 */ = {
			isa = PBXGroup;
			children = (
				7A2B423329366B9E00D49576 /* Theo.swift */,
				7A2B423729366D8500D49576 /* WayToCome.swift */,
				7A2B42392936759700D49576 /* Reservation.swift */,
			);
			name = "현상";
			path = "현상";
			sourceTree = "<group>";
		};
		7A2B422F29366AF400D49576 /* 인호 */ = {
			isa = PBXGroup;
			children = (
				5FCCD43E29391CB200CD8AF5 /* Bounce.swift */,
				5FCCD44229391CD100CD8AF5 /* CelebrationEffect.swift */,
				7A2B423129366B9600D49576 /* Toby.swift */,
			);
			name = "인호";
			path = "인호";
			sourceTree = "<group>";
		};
		7A2B423029366AFB00D49576 /* 연호 */ = {
			isa = PBXGroup;
			children = (
				7A2B423529366BA400D49576 /* Hardy.swift */,
			);
			name = "연호";
			path = "연호";
			sourceTree = "<group>";
		};
/* End PBXGroup section */

/* Begin PBXNativeTarget section */
		5FCCD4242936697A00CD8AF5 /* SBS */ = {
			isa = PBXNativeTarget;
			buildConfigurationList = 5FCCD4332936697B00CD8AF5 /* Build configuration list for PBXNativeTarget "SBS" */;
			buildPhases = (
				5FCCD4212936697A00CD8AF5 /* Sources */,
				5FCCD4222936697A00CD8AF5 /* Frameworks */,
				5FCCD4232936697A00CD8AF5 /* Resources */,
			);
			buildRules = (
			);
			dependencies = (
			);
			name = SBS;
			productName = SBS;
			productReference = 5FCCD4252936697A00CD8AF5 /* SBS.app */;
			productType = "com.apple.product-type.application";
		};
/* End PBXNativeTarget section */

/* Begin PBXProject section */
		5FCCD41D2936697A00CD8AF5 /* Project object */ = {
			isa = PBXProject;
			attributes = {
				BuildIndependentTargetsInParallel = 1;
				LastSwiftUpdateCheck = 1410;
				LastUpgradeCheck = 1410;
				TargetAttributes = {
					5FCCD4242936697A00CD8AF5 = {
						CreatedOnToolsVersion = 14.1;
					};
				};
			};
			buildConfigurationList = 5FCCD4202936697A00CD8AF5 /* Build configuration list for PBXProject "SBS" */;
			compatibilityVersion = "Xcode 14.0";
			developmentRegion = en;
			hasScannedForEncodings = 0;
			knownRegions = (
				en,
				Base,
			);
			mainGroup = 5FCCD41C2936697A00CD8AF5;
			productRefGroup = 5FCCD4262936697A00CD8AF5 /* Products */;
			projectDirPath = "";
			projectRoot = "";
			targets = (
				5FCCD4242936697A00CD8AF5 /* SBS */,
			);
		};
/* End PBXProject section */

/* Begin PBXResourcesBuildPhase section */
		5FCCD4232936697A00CD8AF5 /* Resources */ = {
			isa = PBXResourcesBuildPhase;
			buildActionMask = 2147483647;
			files = (
				5FCCD4302936697B00CD8AF5 /* Preview Assets.xcassets in Resources */,
				5FCCD42D2936697B00CD8AF5 /* Assets.xcassets in Resources */,
				5FCCD44129391CD100CD8AF5 /* song.mp3 in Resources */,
			);
			runOnlyForDeploymentPostprocessing = 0;
		};
/* End PBXResourcesBuildPhase section */

/* Begin PBXSourcesBuildPhase section */
		5FCCD4212936697A00CD8AF5 /* Sources */ = {
			isa = PBXSourcesBuildPhase;
			buildActionMask = 2147483647;
			files = (
				5FCCD42B2936697A00CD8AF5 /* ContentView.swift in Sources */,
				7A2B423429366B9E00D49576 /* Theo.swift in Sources */,
				5FCCD44329391CD100CD8AF5 /* CelebrationEffect.swift in Sources */,
				7A2B423229366B9600D49576 /* Toby.swift in Sources */,
				5FCCD43F29391CB200CD8AF5 /* Bounce.swift in Sources */,
				7A2B423629366BA400D49576 /* Hardy.swift in Sources */,
				7A2B423829366D8500D49576 /* WayToCome.swift in Sources */,
				5FCCD4292936697A00CD8AF5 /* SBSApp.swift in Sources */,
			);
			runOnlyForDeploymentPostprocessing = 0;
		};
/* End PBXSourcesBuildPhase section */

/* Begin XCBuildConfiguration section */
		5FCCD4312936697B00CD8AF5 /* Debug */ = {
			isa = XCBuildConfiguration;
			buildSettings = {
				ALWAYS_SEARCH_USER_PATHS = NO;
				CLANG_ANALYZER_NONNULL = YES;
				CLANG_ANALYZER_NUMBER_OBJECT_CONVERSION = YES_AGGRESSIVE;
				CLANG_CXX_LANGUAGE_STANDARD = "gnu++20";
				CLANG_ENABLE_MODULES = YES;
				CLANG_ENABLE_OBJC_ARC = YES;
				CLANG_ENABLE_OBJC_WEAK = YES;
				CLANG_WARN_BLOCK_CAPTURE_AUTORELEASING = YES;
				CLANG_WARN_BOOL_CONVERSION = YES;
				CLANG_WARN_COMMA = YES;
				CLANG_WARN_CONSTANT_CONVERSION = YES;
				CLANG_WARN_DEPRECATED_OBJC_IMPLEMENTATIONS = YES;
				CLANG_WARN_DIRECT_OBJC_ISA_USAGE = YES_ERROR;
				CLANG_WARN_DOCUMENTATION_COMMENTS = YES;
				CLANG_WARN_EMPTY_BODY = YES;
				CLANG_WARN_ENUM_CONVERSION = YES;
				CLANG_WARN_INFINITE_RECURSION = YES;
				CLANG_WARN_INT_CONVERSION = YES;
				CLANG_WARN_NON_LITERAL_NULL_CONVERSION = YES;
				CLANG_WARN_OBJC_IMPLICIT_RETAIN_SELF = YES;
				CLANG_WARN_OBJC_LITERAL_CONVERSION = YES;
				CLANG_WARN_OBJC_ROOT_CLASS = YES_ERROR;
				CLANG_WARN_QUOTED_INCLUDE_IN_FRAMEWORK_HEADER = YES;
				CLANG_WARN_RANGE_LOOP_ANALYSIS = YES;
				CLANG_WARN_STRICT_PROTOTYPES = YES;
				CLANG_WARN_SUSPICIOUS_MOVE = YES;
				CLANG_WARN_UNGUARDED_AVAILABILITY = YES_AGGRESSIVE;
				CLANG_WARN_UNREACHABLE_CODE = YES;
				CLANG_WARN__DUPLICATE_METHOD_MATCH = YES;
				COPY_PHASE_STRIP = NO;
				DEBUG_INFORMATION_FORMAT = dwarf;
				ENABLE_STRICT_OBJC_MSGSEND = YES;
				ENABLE_TESTABILITY = YES;
				GCC_C_LANGUAGE_STANDARD = gnu11;
				GCC_DYNAMIC_NO_PIC = NO;
				GCC_NO_COMMON_BLOCKS = YES;
				GCC_OPTIMIZATION_LEVEL = 0;
				GCC_PREPROCESSOR_DEFINITIONS = (
					"DEBUG=1",
					"$(inherited)",
				);
				GCC_WARN_64_TO_32_BIT_CONVERSION = YES;
				GCC_WARN_ABOUT_RETURN_TYPE = YES_ERROR;
				GCC_WARN_UNDECLARED_SELECTOR = YES;
				GCC_WARN_UNINITIALIZED_AUTOS = YES_AGGRESSIVE;
				GCC_WARN_UNUSED_FUNCTION = YES;
				GCC_WARN_UNUSED_VARIABLE = YES;
				IPHONEOS_DEPLOYMENT_TARGET = 16.1;
				MTL_ENABLE_DEBUG_INFO = INCLUDE_SOURCE;
				MTL_FAST_MATH = YES;
				ONLY_ACTIVE_ARCH = YES;
				SDKROOT = iphoneos;
				SWIFT_ACTIVE_COMPILATION_CONDITIONS = DEBUG;
				SWIFT_OPTIMIZATION_LEVEL = "-Onone";
			};
			name = Debug;
		};
		5FCCD4322936697B00CD8AF5 /* Release */ = {
			isa = XCBuildConfiguration;
			buildSettings = {
				ALWAYS_SEARCH_USER_PATHS = NO;
				CLANG_ANALYZER_NONNULL = YES;
				CLANG_ANALYZER_NUMBER_OBJECT_CONVERSION = YES_AGGRESSIVE;
				CLANG_CXX_LANGUAGE_STANDARD = "gnu++20";
				CLANG_ENABLE_MODULES = YES;
				CLANG_ENABLE_OBJC_ARC = YES;
				CLANG_ENABLE_OBJC_WEAK = YES;
				CLANG_WARN_BLOCK_CAPTURE_AUTORELEASING = YES;
				CLANG_WARN_BOOL_CONVERSION = YES;
				CLANG_WARN_COMMA = YES;
				CLANG_WARN_CONSTANT_CONVERSION = YES;
				CLANG_WARN_DEPRECATED_OBJC_IMPLEMENTATIONS = YES;
				CLANG_WARN_DIRECT_OBJC_ISA_USAGE = YES_ERROR;
				CLANG_WARN_DOCUMENTATION_COMMENTS = YES;
				CLANG_WARN_EMPTY_BODY = YES;
				CLANG_WARN_ENUM_CONVERSION = YES;
				CLANG_WARN_INFINITE_RECURSION = YES;
				CLANG_WARN_INT_CONVERSION = YES;
				CLANG_WARN_NON_LITERAL_NULL_CONVERSION = YES;
				CLANG_WARN_OBJC_IMPLICIT_RETAIN_SELF = YES;
				CLANG_WARN_OBJC_LITERAL_CONVERSION = YES;
				CLANG_WARN_OBJC_ROOT_CLASS = YES_ERROR;
				CLANG_WARN_QUOTED_INCLUDE_IN_FRAMEWORK_HEADER = YES;
				CLANG_WARN_RANGE_LOOP_ANALYSIS = YES;
				CLANG_WARN_STRICT_PROTOTYPES = YES;
				CLANG_WARN_SUSPICIOUS_MOVE = YES;
				CLANG_WARN_UNGUARDED_AVAILABILITY = YES_AGGRESSIVE;
				CLANG_WARN_UNREACHABLE_CODE = YES;
				CLANG_WARN__DUPLICATE_METHOD_MATCH = YES;
				COPY_PHASE_STRIP = NO;
				DEBUG_INFORMATION_FORMAT = "dwarf-with-dsym";
				ENABLE_NS_ASSERTIONS = NO;
				ENABLE_STRICT_OBJC_MSGSEND = YES;
				GCC_C_LANGUAGE_STANDARD = gnu11;
				GCC_NO_COMMON_BLOCKS = YES;
				GCC_WARN_64_TO_32_BIT_CONVERSION = YES;
				GCC_WARN_ABOUT_RETURN_TYPE = YES_ERROR;
				GCC_WARN_UNDECLARED_SELECTOR = YES;
				GCC_WARN_UNINITIALIZED_AUTOS = YES_AGGRESSIVE;
				GCC_WARN_UNUSED_FUNCTION = YES;
				GCC_WARN_UNUSED_VARIABLE = YES;
				IPHONEOS_DEPLOYMENT_TARGET = 16.1;
				MTL_ENABLE_DEBUG_INFO = NO;
				MTL_FAST_MATH = YES;
				SDKROOT = iphoneos;
				SWIFT_COMPILATION_MODE = wholemodule;
				SWIFT_OPTIMIZATION_LEVEL = "-O";
				VALIDATE_PRODUCT = YES;
			};
			name = Release;
		};
		5FCCD4342936697B00CD8AF5 /* Debug */ = {
			isa = XCBuildConfiguration;
			buildSettings = {
				ASSETCATALOG_COMPILER_APPICON_NAME = AppIcon;
				ASSETCATALOG_COMPILER_GLOBAL_ACCENT_COLOR_NAME = AccentColor;
				CODE_SIGN_STYLE = Automatic;
				CURRENT_PROJECT_VERSION = 1;
				DEVELOPMENT_ASSET_PATHS = "\"SBS/Preview Content\"";
				ENABLE_PREVIEWS = YES;
				GENERATE_INFOPLIST_FILE = YES;
				INFOPLIST_KEY_UIApplicationSceneManifest_Generation = YES;
				INFOPLIST_KEY_UIApplicationSupportsIndirectInputEvents = YES;
				INFOPLIST_KEY_UILaunchScreen_Generation = YES;
				INFOPLIST_KEY_UISupportedInterfaceOrientations_iPad = "UIInterfaceOrientationPortrait UIInterfaceOrientationPortraitUpsideDown UIInterfaceOrientationLandscapeLeft UIInterfaceOrientationLandscapeRight";
				INFOPLIST_KEY_UISupportedInterfaceOrientations_iPhone = "UIInterfaceOrientationPortrait UIInterfaceOrientationLandscapeLeft UIInterfaceOrientationLandscapeRight";
				LD_RUNPATH_SEARCH_PATHS = (
					"$(inherited)",
					"@executable_path/Frameworks",
				);
				MARKETING_VERSION = 1.0;
				PRODUCT_BUNDLE_IDENTIFIER = developer.toby.SBS;
				PRODUCT_NAME = "$(TARGET_NAME)";
				SWIFT_EMIT_LOC_STRINGS = YES;
				SWIFT_VERSION = 5.0;
				TARGETED_DEVICE_FAMILY = "1,2";
			};
			name = Debug;
		};
		5FCCD4352936697B00CD8AF5 /* Release */ = {
			isa = XCBuildConfiguration;
			buildSettings = {
				ASSETCATALOG_COMPILER_APPICON_NAME = AppIcon;
				ASSETCATALOG_COMPILER_GLOBAL_ACCENT_COLOR_NAME = AccentColor;
				CODE_SIGN_STYLE = Automatic;
				CURRENT_PROJECT_VERSION = 1;
				DEVELOPMENT_ASSET_PATHS = "\"SBS/Preview Content\"";
				ENABLE_PREVIEWS = YES;
				GENERATE_INFOPLIST_FILE = YES;
				INFOPLIST_KEY_UIApplicationSceneManifest_Generation = YES;
				INFOPLIST_KEY_UIApplicationSupportsIndirectInputEvents = YES;
				INFOPLIST_KEY_UILaunchScreen_Generation = YES;
				INFOPLIST_KEY_UISupportedInterfaceOrientations_iPad = "UIInterfaceOrientationPortrait UIInterfaceOrientationPortraitUpsideDown UIInterfaceOrientationLandscapeLeft UIInterfaceOrientationLandscapeRight";
				INFOPLIST_KEY_UISupportedInterfaceOrientations_iPhone = "UIInterfaceOrientationPortrait UIInterfaceOrientationLandscapeLeft UIInterfaceOrientationLandscapeRight";
				LD_RUNPATH_SEARCH_PATHS = (
					"$(inherited)",
					"@executable_path/Frameworks",
				);
				MARKETING_VERSION = 1.0;
				PRODUCT_BUNDLE_IDENTIFIER = developer.toby.SBS;
				PRODUCT_NAME = "$(TARGET_NAME)";
				SWIFT_EMIT_LOC_STRINGS = YES;
				SWIFT_VERSION = 5.0;
				TARGETED_DEVICE_FAMILY = "1,2";
			};
			name = Release;
		};
/* End XCBuildConfiguration section */

/* Begin XCConfigurationList section */
		5FCCD4202936697A00CD8AF5 /* Build configuration list for PBXProject "SBS" */ = {
			isa = XCConfigurationList;
			buildConfigurations = (
				5FCCD4312936697B00CD8AF5 /* Debug */,
				5FCCD4322936697B00CD8AF5 /* Release */,
			);
			defaultConfigurationIsVisible = 0;
			defaultConfigurationName = Release;
		};
		5FCCD4332936697B00CD8AF5 /* Build configuration list for PBXNativeTarget "SBS" */ = {
			isa = XCConfigurationList;
			buildConfigurations = (
				5FCCD4342936697B00CD8AF5 /* Debug */,
				5FCCD4352936697B00CD8AF5 /* Release */,
			);
			defaultConfigurationIsVisible = 0;
			defaultConfigurationName = Release;
		};
/* End XCConfigurationList section */
	};
	rootObject = 5FCCD41D2936697A00CD8AF5 /* Project object */;
}
